// !$*UTF8*$!
{
	archiveVersion = 1;
	classes = {
	};
	objectVersion = 46;
	objects = {

/* Begin PBXBuildFile section */
		DA31DBF0198FAB5F00F1E6EA /* GTMOAuth2ViewTouch.xib in Resources */ = {isa = PBXBuildFile; fileRef = DA31DBEF198FAB5F00F1E6EA /* GTMOAuth2ViewTouch.xib */; };
		DA31DBF81990727200F1E6EA /* GTSyncManager.m in Sources */ = {isa = PBXBuildFile; fileRef = DA31DBF71990727200F1E6EA /* GTSyncManager.m */; };
		DA31DBFC1990748100F1E6EA /* TaskList.m in Sources */ = {isa = PBXBuildFile; fileRef = DA31DBFB1990748100F1E6EA /* TaskList.m */; };
		DA31DBFF1990748200F1E6EA /* Task.m in Sources */ = {isa = PBXBuildFile; fileRef = DA31DBFE1990748200F1E6EA /* Task.m */; };
		DA31DC02199074CB00F1E6EA /* Tasks.xcdatamodeld in Sources */ = {isa = PBXBuildFile; fileRef = DA31DC00199074CB00F1E6EA /* Tasks.xcdatamodeld */; };
		DA31DC051990760E00F1E6EA /* LocalTaskManager.m in Sources */ = {isa = PBXBuildFile; fileRef = DA31DC041990760E00F1E6EA /* LocalTaskManager.m */; };
		DA7C1009198F9AC700F6D52C /* CoreData.framework in Frameworks */ = {isa = PBXBuildFile; fileRef = DA7C1006198F9A8A00F6D52C /* CoreData.framework */; };
		DA7C100A198F9AC700F6D52C /* Foundation.framework in Frameworks */ = {isa = PBXBuildFile; fileRef = DA7C1004198F9A8300F6D52C /* Foundation.framework */; };
		DA7C102C198FA17600F6D52C /* libGTLTouchStaticLib.a in Frameworks */ = {isa = PBXBuildFile; fileRef = DA7C1027198FA16100F6D52C /* libGTLTouchStaticLib.a */; };
		DA7C102E198FA1B600F6D52C /* SystemConfiguration.framework in Frameworks */ = {isa = PBXBuildFile; fileRef = DA7C102D198FA1B600F6D52C /* SystemConfiguration.framework */; };
		DA7C103F198FA2B700F6D52C /* GTLQueryTasks.m in Sources */ = {isa = PBXBuildFile; fileRef = DA7C1031198FA2B700F6D52C /* GTLQueryTasks.m */; };
		DA7C1040198FA2B700F6D52C /* GTLServiceTasks.m in Sources */ = {isa = PBXBuildFile; fileRef = DA7C1033198FA2B700F6D52C /* GTLServiceTasks.m */; };
		DA7C1041198FA2B700F6D52C /* GTLTasksConstants.m in Sources */ = {isa = PBXBuildFile; fileRef = DA7C1036198FA2B700F6D52C /* GTLTasksConstants.m */; };
		DA7C1042198FA2B700F6D52C /* GTLTasksTask.m in Sources */ = {isa = PBXBuildFile; fileRef = DA7C1038198FA2B700F6D52C /* GTLTasksTask.m */; };
		DA7C1043198FA2B700F6D52C /* GTLTasksTaskList.m in Sources */ = {isa = PBXBuildFile; fileRef = DA7C103A198FA2B700F6D52C /* GTLTasksTaskList.m */; };
		DA7C1044198FA2B700F6D52C /* GTLTasksTaskLists.m in Sources */ = {isa = PBXBuildFile; fileRef = DA7C103C198FA2B700F6D52C /* GTLTasksTaskLists.m */; };
		DA7C1045198FA2B700F6D52C /* GTLTasksTasks.m in Sources */ = {isa = PBXBuildFile; fileRef = DA7C103E198FA2B700F6D52C /* GTLTasksTasks.m */; };
		DACA8D0E198B055D002E4EC9 /* TaskListViewController.m in Sources */ = {isa = PBXBuildFile; fileRef = DACA8D0D198B055D002E4EC9 /* TaskListViewController.m */; };
		DAD6E144198C2EF600CC9B1C /* NSString+UUID.m in Sources */ = {isa = PBXBuildFile; fileRef = DAD6E143198C2EF600CC9B1C /* NSString+UUID.m */; };
		DAFB8C9A198AD3FA00B854AB /* main.m in Sources */ = {isa = PBXBuildFile; fileRef = DAFB8C99198AD3FA00B854AB /* main.m */; };
		DAFB8C9D198AD3FA00B854AB /* AppDelegate.m in Sources */ = {isa = PBXBuildFile; fileRef = DAFB8C9C198AD3FA00B854AB /* AppDelegate.m */; };
		DAFB8CA3198AD3FA00B854AB /* MasterViewController.m in Sources */ = {isa = PBXBuildFile; fileRef = DAFB8CA2198AD3FA00B854AB /* MasterViewController.m */; };
		DAFB8CA6198AD3FA00B854AB /* DetailViewController.m in Sources */ = {isa = PBXBuildFile; fileRef = DAFB8CA5198AD3FA00B854AB /* DetailViewController.m */; };
		DAFB8CA9198AD3FA00B854AB /* Main.storyboard in Resources */ = {isa = PBXBuildFile; fileRef = DAFB8CA7198AD3FA00B854AB /* Main.storyboard */; };
		DAFB8CAB198AD3FA00B854AB /* Images.xcassets in Resources */ = {isa = PBXBuildFile; fileRef = DAFB8CAA198AD3FA00B854AB /* Images.xcassets */; };
		DAFB8CB7198AD3FB00B854AB /* TasksTests.m in Sources */ = {isa = PBXBuildFile; fileRef = DAFB8CB6198AD3FB00B854AB /* TasksTests.m */; };
		DAFD5C501991AA27008B5A5E /* Security.framework in Frameworks */ = {isa = PBXBuildFile; fileRef = DAFD5C4F1991AA27008B5A5E /* Security.framework */; };
/* End PBXBuildFile section */

/* Begin PBXContainerItemProxy section */
		DA7C1024198FA16100F6D52C /* PBXContainerItemProxy */ = {
			isa = PBXContainerItemProxy;
			containerPortal = DA7C101D198FA16100F6D52C /* GTL.xcodeproj */;
			proxyType = 2;
			remoteGlobalIDString = 4F38F6A60B66E91D00B24B81;
			remoteInfo = GTLFramework;
		};
		DA7C1026198FA16100F6D52C /* PBXContainerItemProxy */ = {
			isa = PBXContainerItemProxy;
			containerPortal = DA7C101D198FA16100F6D52C /* GTL.xcodeproj */;
			proxyType = 2;
			remoteGlobalIDString = 4F12027C11A4CA2F00BEB470;
			remoteInfo = GTLTouchStaticLib;
		};
		DA7C1028198FA16100F6D52C /* PBXContainerItemProxy */ = {
			isa = PBXContainerItemProxy;
			containerPortal = DA7C101D198FA16100F6D52C /* GTL.xcodeproj */;
			proxyType = 2;
			remoteGlobalIDString = 4F12027D11A4CA2F00BEB470;
			remoteInfo = GTLUnitTests;
		};
		DA7C102A198FA16100F6D52C /* PBXContainerItemProxy */ = {
			isa = PBXContainerItemProxy;
			containerPortal = DA7C101D198FA16100F6D52C /* GTL.xcodeproj */;
			proxyType = 2;
			remoteGlobalIDString = 4F1AD9020B71603F00DC0485;
			remoteInfo = DevelopmentTestTool;
		};
		DAFB8CB1198AD3FB00B854AB /* PBXContainerItemProxy */ = {
			isa = PBXContainerItemProxy;
			containerPortal = DAFB8C8C198AD3F900B854AB /* Project object */;
			proxyType = 1;
			remoteGlobalIDString = DAFB8C93198AD3F900B854AB;
			remoteInfo = Tasks;
		};
/* End PBXContainerItemProxy section */

/* Begin PBXFileReference section */
		DA31DBEF198FAB5F00F1E6EA /* GTMOAuth2ViewTouch.xib */ = {isa = PBXFileReference; fileEncoding = 4; lastKnownFileType = file.xib; name = GTMOAuth2ViewTouch.xib; path = GTM/OAuth2/Touch/GTMOAuth2ViewTouch.xib; sourceTree = "<group>"; };
		DA31DBF519905E5D00F1E6EA /* GoogleAPI.h */ = {isa = PBXFileReference; fileEncoding = 4; lastKnownFileType = sourcecode.c.h; path = GoogleAPI.h; sourceTree = "<group>"; };
		DA31DBF61990727200F1E6EA /* GTSyncManager.h */ = {isa = PBXFileReference; fileEncoding = 4; lastKnownFileType = sourcecode.c.h; path = GTSyncManager.h; sourceTree = "<group>"; };
		DA31DBF71990727200F1E6EA /* GTSyncManager.m */ = {isa = PBXFileReference; fileEncoding = 4; lastKnownFileType = sourcecode.c.objc; lineEnding = 0; path = GTSyncManager.m; sourceTree = "<group>"; xcLanguageSpecificationIdentifier = xcode.lang.objc; };
		DA31DBFA1990748100F1E6EA /* TaskList.h */ = {isa = PBXFileReference; fileEncoding = 4; lastKnownFileType = sourcecode.c.h; name = TaskList.h; path = LocalTasks/TaskList.h; sourceTree = "<group>"; };
		DA31DBFB1990748100F1E6EA /* TaskList.m */ = {isa = PBXFileReference; fileEncoding = 4; lastKnownFileType = sourcecode.c.objc; name = TaskList.m; path = LocalTasks/TaskList.m; sourceTree = "<group>"; };
		DA31DBFD1990748200F1E6EA /* Task.h */ = {isa = PBXFileReference; fileEncoding = 4; lastKnownFileType = sourcecode.c.h; name = Task.h; path = LocalTasks/Task.h; sourceTree = "<group>"; };
		DA31DBFE1990748200F1E6EA /* Task.m */ = {isa = PBXFileReference; fileEncoding = 4; lastKnownFileType = sourcecode.c.objc; name = Task.m; path = LocalTasks/Task.m; sourceTree = "<group>"; };
		DA31DC01199074CB00F1E6EA /* Tasks.xcdatamodel */ = {isa = PBXFileReference; lastKnownFileType = wrapper.xcdatamodel; path = Tasks.xcdatamodel; sourceTree = "<group>"; };
		DA31DC031990760E00F1E6EA /* LocalTaskManager.h */ = {isa = PBXFileReference; fileEncoding = 4; lastKnownFileType = sourcecode.c.h; path = LocalTaskManager.h; sourceTree = "<group>"; };
		DA31DC041990760E00F1E6EA /* LocalTaskManager.m */ = {isa = PBXFileReference; fileEncoding = 4; lastKnownFileType = sourcecode.c.objc; lineEnding = 0; path = LocalTaskManager.m; sourceTree = "<group>"; xcLanguageSpecificationIdentifier = xcode.lang.objc; };
		DA7C0FB2198F997600F6D52C /* GTLBase64.h */ = {isa = PBXFileReference; fileEncoding = 4; lastKnownFileType = sourcecode.c.h; path = GTLBase64.h; sourceTree = "<group>"; };
		DA7C0FB3198F997600F6D52C /* GTLBatchQuery.h */ = {isa = PBXFileReference; fileEncoding = 4; lastKnownFileType = sourcecode.c.h; path = GTLBatchQuery.h; sourceTree = "<group>"; };
		DA7C0FB4198F997600F6D52C /* GTLBatchResult.h */ = {isa = PBXFileReference; fileEncoding = 4; lastKnownFileType = sourcecode.c.h; path = GTLBatchResult.h; sourceTree = "<group>"; };
		DA7C0FB5198F997700F6D52C /* GTLDateTime.h */ = {isa = PBXFileReference; fileEncoding = 4; lastKnownFileType = sourcecode.c.h; path = GTLDateTime.h; sourceTree = "<group>"; };
		DA7C0FB6198F997700F6D52C /* GTLDefines.h */ = {isa = PBXFileReference; fileEncoding = 4; lastKnownFileType = sourcecode.c.h; path = GTLDefines.h; sourceTree = "<group>"; };
		DA7C0FB7198F997700F6D52C /* GTLErrorObject.h */ = {isa = PBXFileReference; fileEncoding = 4; lastKnownFileType = sourcecode.c.h; path = GTLErrorObject.h; sourceTree = "<group>"; };
		DA7C0FB8198F997700F6D52C /* GTLFramework.h */ = {isa = PBXFileReference; fileEncoding = 4; lastKnownFileType = sourcecode.c.h; path = GTLFramework.h; sourceTree = "<group>"; };
		DA7C0FB9198F997700F6D52C /* GTLJSONParser.h */ = {isa = PBXFileReference; fileEncoding = 4; lastKnownFileType = sourcecode.c.h; path = GTLJSONParser.h; sourceTree = "<group>"; };
		DA7C0FBA198F997700F6D52C /* GTLObject.h */ = {isa = PBXFileReference; fileEncoding = 4; lastKnownFileType = sourcecode.c.h; path = GTLObject.h; sourceTree = "<group>"; };
		DA7C0FBB198F997700F6D52C /* GTLQuery.h */ = {isa = PBXFileReference; fileEncoding = 4; lastKnownFileType = sourcecode.c.h; path = GTLQuery.h; sourceTree = "<group>"; };
		DA7C0FBC198F997700F6D52C /* GTLRuntimeCommon.h */ = {isa = PBXFileReference; fileEncoding = 4; lastKnownFileType = sourcecode.c.h; path = GTLRuntimeCommon.h; sourceTree = "<group>"; };
		DA7C0FBD198F997700F6D52C /* GTLService.h */ = {isa = PBXFileReference; fileEncoding = 4; lastKnownFileType = sourcecode.c.h; path = GTLService.h; sourceTree = "<group>"; };
		DA7C0FBE198F997700F6D52C /* GTLTargetNamespace.h */ = {isa = PBXFileReference; fileEncoding = 4; lastKnownFileType = sourcecode.c.h; path = GTLTargetNamespace.h; sourceTree = "<group>"; };
		DA7C0FBF198F997700F6D52C /* GTLUploadParameters.h */ = {isa = PBXFileReference; fileEncoding = 4; lastKnownFileType = sourcecode.c.h; path = GTLUploadParameters.h; sourceTree = "<group>"; };
		DA7C0FC0198F997700F6D52C /* GTLUtilities.h */ = {isa = PBXFileReference; fileEncoding = 4; lastKnownFileType = sourcecode.c.h; path = GTLUtilities.h; sourceTree = "<group>"; };
		DA7C0FC1198F997700F6D52C /* GTMGatherInputStream.h */ = {isa = PBXFileReference; fileEncoding = 4; lastKnownFileType = sourcecode.c.h; path = GTMGatherInputStream.h; sourceTree = "<group>"; };
		DA7C0FC2198F997700F6D52C /* GTMHTTPFetcher.h */ = {isa = PBXFileReference; fileEncoding = 4; lastKnownFileType = sourcecode.c.h; path = GTMHTTPFetcher.h; sourceTree = "<group>"; };
		DA7C0FC3198F997700F6D52C /* GTMHTTPFetcherLogging.h */ = {isa = PBXFileReference; fileEncoding = 4; lastKnownFileType = sourcecode.c.h; path = GTMHTTPFetcherLogging.h; sourceTree = "<group>"; };
		DA7C0FC4198F997700F6D52C /* GTMHTTPFetcherService.h */ = {isa = PBXFileReference; fileEncoding = 4; lastKnownFileType = sourcecode.c.h; path = GTMHTTPFetcherService.h; sourceTree = "<group>"; };
		DA7C0FC5198F997700F6D52C /* GTMHTTPFetchHistory.h */ = {isa = PBXFileReference; fileEncoding = 4; lastKnownFileType = sourcecode.c.h; path = GTMHTTPFetchHistory.h; sourceTree = "<group>"; };
		DA7C0FC6198F997700F6D52C /* GTMHTTPUploadFetcher.h */ = {isa = PBXFileReference; fileEncoding = 4; lastKnownFileType = sourcecode.c.h; path = GTMHTTPUploadFetcher.h; sourceTree = "<group>"; };
		DA7C0FC7198F997700F6D52C /* GTMMIMEDocument.h */ = {isa = PBXFileReference; fileEncoding = 4; lastKnownFileType = sourcecode.c.h; path = GTMMIMEDocument.h; sourceTree = "<group>"; };
		DA7C0FC8198F997700F6D52C /* GTMOAuth2Authentication.h */ = {isa = PBXFileReference; fileEncoding = 4; lastKnownFileType = sourcecode.c.h; path = GTMOAuth2Authentication.h; sourceTree = "<group>"; };
		DA7C0FC9198F997700F6D52C /* GTMOAuth2SignIn.h */ = {isa = PBXFileReference; fileEncoding = 4; lastKnownFileType = sourcecode.c.h; path = GTMOAuth2SignIn.h; sourceTree = "<group>"; };
		DA7C0FCA198F997700F6D52C /* GTMOAuth2ViewControllerTouch.h */ = {isa = PBXFileReference; fileEncoding = 4; lastKnownFileType = sourcecode.c.h; path = GTMOAuth2ViewControllerTouch.h; sourceTree = "<group>"; };
		DA7C0FCB198F997700F6D52C /* GTMOAuth2WindowController.h */ = {isa = PBXFileReference; fileEncoding = 4; lastKnownFileType = sourcecode.c.h; path = GTMOAuth2WindowController.h; sourceTree = "<group>"; };
		DA7C0FCC198F997700F6D52C /* GTMReadMonitorInputStream.h */ = {isa = PBXFileReference; fileEncoding = 4; lastKnownFileType = sourcecode.c.h; path = GTMReadMonitorInputStream.h; sourceTree = "<group>"; };
		DA7C1004198F9A8300F6D52C /* Foundation.framework */ = {isa = PBXFileReference; lastKnownFileType = wrapper.framework; name = Foundation.framework; path = System/Library/Frameworks/Foundation.framework; sourceTree = SDKROOT; };
		DA7C1006198F9A8A00F6D52C /* CoreData.framework */ = {isa = PBXFileReference; lastKnownFileType = wrapper.framework; name = CoreData.framework; path = System/Library/Frameworks/CoreData.framework; sourceTree = SDKROOT; };
		DA7C101D198FA16100F6D52C /* GTL.xcodeproj */ = {isa = PBXFileReference; lastKnownFileType = "wrapper.pb-project"; name = GTL.xcodeproj; path = GTM/GTL.xcodeproj; sourceTree = "<group>"; };
		DA7C102D198FA1B600F6D52C /* SystemConfiguration.framework */ = {isa = PBXFileReference; lastKnownFileType = wrapper.framework; name = SystemConfiguration.framework; path = System/Library/Frameworks/SystemConfiguration.framework; sourceTree = SDKROOT; };
		DA7C1030198FA2B700F6D52C /* GTLQueryTasks.h */ = {isa = PBXFileReference; fileEncoding = 4; lastKnownFileType = sourcecode.c.h; path = GTLQueryTasks.h; sourceTree = "<group>"; };
		DA7C1031198FA2B700F6D52C /* GTLQueryTasks.m */ = {isa = PBXFileReference; fileEncoding = 4; lastKnownFileType = sourcecode.c.objc; path = GTLQueryTasks.m; sourceTree = "<group>"; };
		DA7C1032198FA2B700F6D52C /* GTLServiceTasks.h */ = {isa = PBXFileReference; fileEncoding = 4; lastKnownFileType = sourcecode.c.h; path = GTLServiceTasks.h; sourceTree = "<group>"; };
		DA7C1033198FA2B700F6D52C /* GTLServiceTasks.m */ = {isa = PBXFileReference; fileEncoding = 4; lastKnownFileType = sourcecode.c.objc; path = GTLServiceTasks.m; sourceTree = "<group>"; };
		DA7C1034198FA2B700F6D52C /* GTLTasks.h */ = {isa = PBXFileReference; fileEncoding = 4; lastKnownFileType = sourcecode.c.h; path = GTLTasks.h; sourceTree = "<group>"; };
		DA7C1035198FA2B700F6D52C /* GTLTasksConstants.h */ = {isa = PBXFileReference; fileEncoding = 4; lastKnownFileType = sourcecode.c.h; path = GTLTasksConstants.h; sourceTree = "<group>"; };
		DA7C1036198FA2B700F6D52C /* GTLTasksConstants.m */ = {isa = PBXFileReference; fileEncoding = 4; lastKnownFileType = sourcecode.c.objc; path = GTLTasksConstants.m; sourceTree = "<group>"; };
		DA7C1037198FA2B700F6D52C /* GTLTasksTask.h */ = {isa = PBXFileReference; fileEncoding = 4; lastKnownFileType = sourcecode.c.h; path = GTLTasksTask.h; sourceTree = "<group>"; };
		DA7C1038198FA2B700F6D52C /* GTLTasksTask.m */ = {isa = PBXFileReference; fileEncoding = 4; lastKnownFileType = sourcecode.c.objc; path = GTLTasksTask.m; sourceTree = "<group>"; };
		DA7C1039198FA2B700F6D52C /* GTLTasksTaskList.h */ = {isa = PBXFileReference; fileEncoding = 4; lastKnownFileType = sourcecode.c.h; path = GTLTasksTaskList.h; sourceTree = "<group>"; };
		DA7C103A198FA2B700F6D52C /* GTLTasksTaskList.m */ = {isa = PBXFileReference; fileEncoding = 4; lastKnownFileType = sourcecode.c.objc; path = GTLTasksTaskList.m; sourceTree = "<group>"; };
		DA7C103B198FA2B700F6D52C /* GTLTasksTaskLists.h */ = {isa = PBXFileReference; fileEncoding = 4; lastKnownFileType = sourcecode.c.h; path = GTLTasksTaskLists.h; sourceTree = "<group>"; };
		DA7C103C198FA2B700F6D52C /* GTLTasksTaskLists.m */ = {isa = PBXFileReference; fileEncoding = 4; lastKnownFileType = sourcecode.c.objc; path = GTLTasksTaskLists.m; sourceTree = "<group>"; };
		DA7C103D198FA2B700F6D52C /* GTLTasksTasks.h */ = {isa = PBXFileReference; fileEncoding = 4; lastKnownFileType = sourcecode.c.h; path = GTLTasksTasks.h; sourceTree = "<group>"; };
		DA7C103E198FA2B700F6D52C /* GTLTasksTasks.m */ = {isa = PBXFileReference; fileEncoding = 4; lastKnownFileType = sourcecode.c.objc; path = GTLTasksTasks.m; sourceTree = "<group>"; };
		DACA8D0D198B055D002E4EC9 /* TaskListViewController.m */ = {isa = PBXFileReference; fileEncoding = 4; lastKnownFileType = sourcecode.c.objc; path = TaskListViewController.m; sourceTree = "<group>"; };
		DACA8D0F198B057E002E4EC9 /* TaskListViewController.h */ = {isa = PBXFileReference; lastKnownFileType = sourcecode.c.h; path = TaskListViewController.h; sourceTree = "<group>"; };
		DAD6E143198C2EF600CC9B1C /* NSString+UUID.m */ = {isa = PBXFileReference; fileEncoding = 4; lastKnownFileType = sourcecode.c.objc; path = "NSString+UUID.m"; sourceTree = "<group>"; };
		DAD6E145198C2F5E00CC9B1C /* NSString+UUID.h */ = {isa = PBXFileReference; fileEncoding = 4; lastKnownFileType = sourcecode.c.h; path = "NSString+UUID.h"; sourceTree = "<group>"; };
		DAFB8C94198AD3F900B854AB /* Tasks.app */ = {isa = PBXFileReference; explicitFileType = wrapper.application; includeInIndex = 0; path = Tasks.app; sourceTree = BUILT_PRODUCTS_DIR; };
		DAFB8C98198AD3FA00B854AB /* Info.plist */ = {isa = PBXFileReference; lastKnownFileType = text.plist.xml; path = Info.plist; sourceTree = "<group>"; };
		DAFB8C99198AD3FA00B854AB /* main.m */ = {isa = PBXFileReference; lastKnownFileType = sourcecode.c.objc; path = main.m; sourceTree = "<group>"; };
		DAFB8C9B198AD3FA00B854AB /* AppDelegate.h */ = {isa = PBXFileReference; lastKnownFileType = sourcecode.c.h; path = AppDelegate.h; sourceTree = "<group>"; };
		DAFB8C9C198AD3FA00B854AB /* AppDelegate.m */ = {isa = PBXFileReference; lastKnownFileType = sourcecode.c.objc; path = AppDelegate.m; sourceTree = "<group>"; };
		DAFB8CA1198AD3FA00B854AB /* MasterViewController.h */ = {isa = PBXFileReference; lastKnownFileType = sourcecode.c.h; path = MasterViewController.h; sourceTree = "<group>"; };
		DAFB8CA2198AD3FA00B854AB /* MasterViewController.m */ = {isa = PBXFileReference; lastKnownFileType = sourcecode.c.objc; path = MasterViewController.m; sourceTree = "<group>"; };
		DAFB8CA4198AD3FA00B854AB /* DetailViewController.h */ = {isa = PBXFileReference; lastKnownFileType = sourcecode.c.h; path = DetailViewController.h; sourceTree = "<group>"; };
		DAFB8CA5198AD3FA00B854AB /* DetailViewController.m */ = {isa = PBXFileReference; lastKnownFileType = sourcecode.c.objc; path = DetailViewController.m; sourceTree = "<group>"; };
		DAFB8CA8198AD3FA00B854AB /* Base */ = {isa = PBXFileReference; lastKnownFileType = file.storyboard; name = Base; path = Base.lproj/Main.storyboard; sourceTree = "<group>"; };
		DAFB8CAA198AD3FA00B854AB /* Images.xcassets */ = {isa = PBXFileReference; lastKnownFileType = folder.assetcatalog; path = Images.xcassets; sourceTree = "<group>"; };
		DAFB8CB0198AD3FB00B854AB /* TasksTests.xctest */ = {isa = PBXFileReference; explicitFileType = wrapper.cfbundle; includeInIndex = 0; path = TasksTests.xctest; sourceTree = BUILT_PRODUCTS_DIR; };
		DAFB8CB5198AD3FB00B854AB /* Info.plist */ = {isa = PBXFileReference; lastKnownFileType = text.plist.xml; path = Info.plist; sourceTree = "<group>"; };
		DAFB8CB6198AD3FB00B854AB /* TasksTests.m */ = {isa = PBXFileReference; lastKnownFileType = sourcecode.c.objc; path = TasksTests.m; sourceTree = "<group>"; };
		DAFD5C4F1991AA27008B5A5E /* Security.framework */ = {isa = PBXFileReference; lastKnownFileType = wrapper.framework; name = Security.framework; path = System/Library/Frameworks/Security.framework; sourceTree = SDKROOT; };
/* End PBXFileReference section */

/* Begin PBXFrameworksBuildPhase section */
		DAFB8C91198AD3F900B854AB /* Frameworks */ = {
			isa = PBXFrameworksBuildPhase;
			buildActionMask = 2147483647;
			files = (
				DAFD5C501991AA27008B5A5E /* Security.framework in Frameworks */,
				DA7C102E198FA1B600F6D52C /* SystemConfiguration.framework in Frameworks */,
				DA7C102C198FA17600F6D52C /* libGTLTouchStaticLib.a in Frameworks */,
				DA7C1009198F9AC700F6D52C /* CoreData.framework in Frameworks */,
				DA7C100A198F9AC700F6D52C /* Foundation.framework in Frameworks */,
			);
			runOnlyForDeploymentPostprocessing = 0;
		};
		DAFB8CAD198AD3FB00B854AB /* Frameworks */ = {
			isa = PBXFrameworksBuildPhase;
			buildActionMask = 2147483647;
			files = (
			);
			runOnlyForDeploymentPostprocessing = 0;
		};
/* End PBXFrameworksBuildPhase section */

/* Begin PBXGroup section */
		DA31DBF91990743C00F1E6EA /* LocalTasks */ = {
			isa = PBXGroup;
			children = (
				DA31DC031990760E00F1E6EA /* LocalTaskManager.h */,
				DA31DC041990760E00F1E6EA /* LocalTaskManager.m */,
				DA31DBF61990727200F1E6EA /* GTSyncManager.h */,
				DA31DBF71990727200F1E6EA /* GTSyncManager.m */,
				DA31DBFD1990748200F1E6EA /* Task.h */,
				DA31DBFE1990748200F1E6EA /* Task.m */,
				DA31DBFA1990748100F1E6EA /* TaskList.h */,
				DA31DBFB1990748100F1E6EA /* TaskList.m */,
				DA31DC00199074CB00F1E6EA /* Tasks.xcdatamodeld */,
			);
			name = LocalTasks;
			sourceTree = "<group>";
		};
		DA7C0F74198F935000F6D52C /* GTLTouchStaticLib */ = {
			isa = PBXGroup;
			children = (
				DA31DBEF198FAB5F00F1E6EA /* GTMOAuth2ViewTouch.xib */,
				DA7C102F198FA2B700F6D52C /* Tasks */,
				DA7C0FB1198F997600F6D52C /* Headers */,
				DA31DBF519905E5D00F1E6EA /* GoogleAPI.h */,
			);
			name = GTLTouchStaticLib;
			sourceTree = "<group>";
		};
		DA7C0FB1198F997600F6D52C /* Headers */ = {
			isa = PBXGroup;
			children = (
				DA7C0FB2198F997600F6D52C /* GTLBase64.h */,
				DA7C0FB3198F997600F6D52C /* GTLBatchQuery.h */,
				DA7C0FB4198F997600F6D52C /* GTLBatchResult.h */,
				DA7C0FB5198F997700F6D52C /* GTLDateTime.h */,
				DA7C0FB6198F997700F6D52C /* GTLDefines.h */,
				DA7C0FB7198F997700F6D52C /* GTLErrorObject.h */,
				DA7C0FB8198F997700F6D52C /* GTLFramework.h */,
				DA7C0FB9198F997700F6D52C /* GTLJSONParser.h */,
				DA7C0FBA198F997700F6D52C /* GTLObject.h */,
				DA7C0FBB198F997700F6D52C /* GTLQuery.h */,
				DA7C0FBC198F997700F6D52C /* GTLRuntimeCommon.h */,
				DA7C0FBD198F997700F6D52C /* GTLService.h */,
				DA7C0FBE198F997700F6D52C /* GTLTargetNamespace.h */,
				DA7C0FBF198F997700F6D52C /* GTLUploadParameters.h */,
				DA7C0FC0198F997700F6D52C /* GTLUtilities.h */,
				DA7C0FC1198F997700F6D52C /* GTMGatherInputStream.h */,
				DA7C0FC2198F997700F6D52C /* GTMHTTPFetcher.h */,
				DA7C0FC3198F997700F6D52C /* GTMHTTPFetcherLogging.h */,
				DA7C0FC4198F997700F6D52C /* GTMHTTPFetcherService.h */,
				DA7C0FC5198F997700F6D52C /* GTMHTTPFetchHistory.h */,
				DA7C0FC6198F997700F6D52C /* GTMHTTPUploadFetcher.h */,
				DA7C0FC7198F997700F6D52C /* GTMMIMEDocument.h */,
				DA7C0FC8198F997700F6D52C /* GTMOAuth2Authentication.h */,
				DA7C0FC9198F997700F6D52C /* GTMOAuth2SignIn.h */,
				DA7C0FCA198F997700F6D52C /* GTMOAuth2ViewControllerTouch.h */,
				DA7C0FCB198F997700F6D52C /* GTMOAuth2WindowController.h */,
				DA7C0FCC198F997700F6D52C /* GTMReadMonitorInputStream.h */,
			);
			name = Headers;
			path = Google/Headers;
			sourceTree = "<group>";
		};
		DA7C1008198F9AB700F6D52C /* Frameworks */ = {
			isa = PBXGroup;
			children = (
				DAFD5C4F1991AA27008B5A5E /* Security.framework */,
				DA7C102D198FA1B600F6D52C /* SystemConfiguration.framework */,
				DA7C1006198F9A8A00F6D52C /* CoreData.framework */,
				DA7C1004198F9A8300F6D52C /* Foundation.framework */,
			);
			name = Frameworks;
			sourceTree = "<group>";
		};
		DA7C101E198FA16100F6D52C /* Products */ = {
			isa = PBXGroup;
			children = (
				DA7C1025198FA16100F6D52C /* GTL.framework */,
				DA7C1027198FA16100F6D52C /* libGTLTouchStaticLib.a */,
				DA7C1029198FA16100F6D52C /* GTLUnitTests.xctest */,
				DA7C102B198FA16100F6D52C /* DevelopmentTestTool */,
			);
			name = Products;
			sourceTree = "<group>";
		};
		DA7C102F198FA2B700F6D52C /* Tasks */ = {
			isa = PBXGroup;
			children = (
				DA7C1030198FA2B700F6D52C /* GTLQueryTasks.h */,
				DA7C1031198FA2B700F6D52C /* GTLQueryTasks.m */,
				DA7C1032198FA2B700F6D52C /* GTLServiceTasks.h */,
				DA7C1033198FA2B700F6D52C /* GTLServiceTasks.m */,
				DA7C1034198FA2B700F6D52C /* GTLTasks.h */,
				DA7C1035198FA2B700F6D52C /* GTLTasksConstants.h */,
				DA7C1036198FA2B700F6D52C /* GTLTasksConstants.m */,
				DA7C1037198FA2B700F6D52C /* GTLTasksTask.h */,
				DA7C1038198FA2B700F6D52C /* GTLTasksTask.m */,
				DA7C1039198FA2B700F6D52C /* GTLTasksTaskList.h */,
				DA7C103A198FA2B700F6D52C /* GTLTasksTaskList.m */,
				DA7C103B198FA2B700F6D52C /* GTLTasksTaskLists.h */,
				DA7C103C198FA2B700F6D52C /* GTLTasksTaskLists.m */,
				DA7C103D198FA2B700F6D52C /* GTLTasksTasks.h */,
				DA7C103E198FA2B700F6D52C /* GTLTasksTasks.m */,
			);
			name = Tasks;
			path = Google/Tasks;
			sourceTree = "<group>";
		};
		DAFB8C8B198AD3F900B854AB = {
			isa = PBXGroup;
			children = (
				DA7C101D198FA16100F6D52C /* GTL.xcodeproj */,
				DAFB8C96198AD3F900B854AB /* Tasks */,
				DA7C0F74198F935000F6D52C /* GTLTouchStaticLib */,
				DA7C1008198F9AB700F6D52C /* Frameworks */,
				DAFB8CB3198AD3FB00B854AB /* TasksTests */,
				DAFB8C95198AD3F900B854AB /* Products */,
			);
			sourceTree = "<group>";
		};
		DAFB8C95198AD3F900B854AB /* Products */ = {
			isa = PBXGroup;
			children = (
				DAFB8C94198AD3F900B854AB /* Tasks.app */,
				DAFB8CB0198AD3FB00B854AB /* TasksTests.xctest */,
			);
			name = Products;
			sourceTree = "<group>";
		};
		DAFB8C96198AD3F900B854AB /* Tasks */ = {
			isa = PBXGroup;
			children = (
				DAFB8C9B198AD3FA00B854AB /* AppDelegate.h */,
				DAFB8C9C198AD3FA00B854AB /* AppDelegate.m */,
				DAFB8CA1198AD3FA00B854AB /* MasterViewController.h */,
				DAFB8CA2198AD3FA00B854AB /* MasterViewController.m */,
				DAFB8CA4198AD3FA00B854AB /* DetailViewController.h */,
				DAFB8CA5198AD3FA00B854AB /* DetailViewController.m */,
				DACA8D0F198B057E002E4EC9 /* TaskListViewController.h */,
				DACA8D0D198B055D002E4EC9 /* TaskListViewController.m */,
				DAFB8CA7198AD3FA00B854AB /* Main.storyboard */,
				DAFB8CAA198AD3FA00B854AB /* Images.xcassets */,
				DA31DBF91990743C00F1E6EA /* LocalTasks */,
				DAFB8C97198AD3FA00B854AB /* Supporting Files */,
				DAD6E143198C2EF600CC9B1C /* NSString+UUID.m */,
				DAD6E145198C2F5E00CC9B1C /* NSString+UUID.h */,
			);
			path = Tasks;
			sourceTree = "<group>";
		};
		DAFB8C97198AD3FA00B854AB /* Supporting Files */ = {
			isa = PBXGroup;
			children = (
				DAFB8C98198AD3FA00B854AB /* Info.plist */,
				DAFB8C99198AD3FA00B854AB /* main.m */,
			);
			name = "Supporting Files";
			sourceTree = "<group>";
		};
		DAFB8CB3198AD3FB00B854AB /* TasksTests */ = {
			isa = PBXGroup;
			children = (
				DAFB8CB6198AD3FB00B854AB /* TasksTests.m */,
				DAFB8CB4198AD3FB00B854AB /* Supporting Files */,
			);
			path = TasksTests;
			sourceTree = "<group>";
		};
		DAFB8CB4198AD3FB00B854AB /* Supporting Files */ = {
			isa = PBXGroup;
			children = (
				DAFB8CB5198AD3FB00B854AB /* Info.plist */,
			);
			name = "Supporting Files";
			sourceTree = "<group>";
		};
/* End PBXGroup section */

/* Begin PBXNativeTarget section */
		DAFB8C93198AD3F900B854AB /* Tasks */ = {
			isa = PBXNativeTarget;
			buildConfigurationList = DAFB8CBA198AD3FB00B854AB /* Build configuration list for PBXNativeTarget "Tasks" */;
			buildPhases = (
				DAFB8C90198AD3F900B854AB /* Sources */,
				DAFB8C91198AD3F900B854AB /* Frameworks */,
				DAFB8C92198AD3F900B854AB /* Resources */,
			);
			buildRules = (
			);
			dependencies = (
			);
			name = Tasks;
			productName = Tasks;
			productReference = DAFB8C94198AD3F900B854AB /* Tasks.app */;
			productType = "com.apple.product-type.application";
		};
		DAFB8CAF198AD3FB00B854AB /* TasksTests */ = {
			isa = PBXNativeTarget;
			buildConfigurationList = DAFB8CBD198AD3FB00B854AB /* Build configuration list for PBXNativeTarget "TasksTests" */;
			buildPhases = (
				DAFB8CAC198AD3FB00B854AB /* Sources */,
				DAFB8CAD198AD3FB00B854AB /* Frameworks */,
				DAFB8CAE198AD3FB00B854AB /* Resources */,
			);
			buildRules = (
			);
			dependencies = (
				DAFB8CB2198AD3FB00B854AB /* PBXTargetDependency */,
			);
			name = TasksTests;
			productName = TasksTests;
			productReference = DAFB8CB0198AD3FB00B854AB /* TasksTests.xctest */;
			productType = "com.apple.product-type.bundle.unit-test";
		};
/* End PBXNativeTarget section */

/* Begin PBXProject section */
		DAFB8C8C198AD3F900B854AB /* Project object */ = {
			isa = PBXProject;
			attributes = {
				LastUpgradeCheck = 0600;
				ORGANIZATIONNAME = "Pof Magicfingers";
				TargetAttributes = {
					DAFB8C93198AD3F900B854AB = {
						CreatedOnToolsVersion = 6.0;
					};
					DAFB8CAF198AD3FB00B854AB = {
						CreatedOnToolsVersion = 6.0;
						TestTargetID = DAFB8C93198AD3F900B854AB;
					};
				};
			};
			buildConfigurationList = DAFB8C8F198AD3F900B854AB /* Build configuration list for PBXProject "Tasks" */;
			compatibilityVersion = "Xcode 3.2";
			developmentRegion = English;
			hasScannedForEncodings = 0;
			knownRegions = (
				en,
				Base,
			);
			mainGroup = DAFB8C8B198AD3F900B854AB;
			productRefGroup = DAFB8C95198AD3F900B854AB /* Products */;
			projectDirPath = "";
			projectReferences = (
				{
					ProductGroup = DA7C101E198FA16100F6D52C /* Products */;
					ProjectRef = DA7C101D198FA16100F6D52C /* GTL.xcodeproj */;
				},
			);
			projectRoot = "";
			targets = (
				DAFB8C93198AD3F900B854AB /* Tasks */,
				DAFB8CAF198AD3FB00B854AB /* TasksTests */,
			);
		};
/* End PBXProject section */

/* Begin PBXReferenceProxy section */
		DA7C1025198FA16100F6D52C /* GTL.framework */ = {
			isa = PBXReferenceProxy;
			fileType = wrapper.framework;
			path = GTL.framework;
			remoteRef = DA7C1024198FA16100F6D52C /* PBXContainerItemProxy */;
			sourceTree = BUILT_PRODUCTS_DIR;
		};
		DA7C1027198FA16100F6D52C /* libGTLTouchStaticLib.a */ = {
			isa = PBXReferenceProxy;
			fileType = archive.ar;
			path = libGTLTouchStaticLib.a;
			remoteRef = DA7C1026198FA16100F6D52C /* PBXContainerItemProxy */;
			sourceTree = BUILT_PRODUCTS_DIR;
		};
		DA7C1029198FA16100F6D52C /* GTLUnitTests.xctest */ = {
			isa = PBXReferenceProxy;
			fileType = wrapper.cfbundle;
			path = GTLUnitTests.xctest;
			remoteRef = DA7C1028198FA16100F6D52C /* PBXContainerItemProxy */;
			sourceTree = BUILT_PRODUCTS_DIR;
		};
		DA7C102B198FA16100F6D52C /* DevelopmentTestTool */ = {
			isa = PBXReferenceProxy;
			fileType = "compiled.mach-o.executable";
			path = DevelopmentTestTool;
			remoteRef = DA7C102A198FA16100F6D52C /* PBXContainerItemProxy */;
			sourceTree = BUILT_PRODUCTS_DIR;
		};
/* End PBXReferenceProxy section */

/* Begin PBXResourcesBuildPhase section */
		DAFB8C92198AD3F900B854AB /* Resources */ = {
			isa = PBXResourcesBuildPhase;
			buildActionMask = 2147483647;
			files = (
				DA31DBF0198FAB5F00F1E6EA /* GTMOAuth2ViewTouch.xib in Resources */,
				DAFB8CA9198AD3FA00B854AB /* Main.storyboard in Resources */,
				DAFB8CAB198AD3FA00B854AB /* Images.xcassets in Resources */,
			);
			runOnlyForDeploymentPostprocessing = 0;
		};
		DAFB8CAE198AD3FB00B854AB /* Resources */ = {
			isa = PBXResourcesBuildPhase;
			buildActionMask = 2147483647;
			files = (
			);
			runOnlyForDeploymentPostprocessing = 0;
		};
/* End PBXResourcesBuildPhase section */

/* Begin PBXSourcesBuildPhase section */
		DAFB8C90198AD3F900B854AB /* Sources */ = {
			isa = PBXSourcesBuildPhase;
			buildActionMask = 2147483647;
			files = (
				DAFB8CA6198AD3FA00B854AB /* DetailViewController.m in Sources */,
				DA7C1045198FA2B700F6D52C /* GTLTasksTasks.m in Sources */,
				DAD6E144198C2EF600CC9B1C /* NSString+UUID.m in Sources */,
				DACA8D0E198B055D002E4EC9 /* TaskListViewController.m in Sources */,
				DA31DBFC1990748100F1E6EA /* TaskList.m in Sources */,
				DA7C1044198FA2B700F6D52C /* GTLTasksTaskLists.m in Sources */,
				DAFB8CA3198AD3FA00B854AB /* MasterViewController.m in Sources */,
				DA31DBF81990727200F1E6EA /* GTSyncManager.m in Sources */,
				DAFB8C9D198AD3FA00B854AB /* AppDelegate.m in Sources */,
				DA7C1043198FA2B700F6D52C /* GTLTasksTaskList.m in Sources */,
				DA7C1042198FA2B700F6D52C /* GTLTasksTask.m in Sources */,
				DA7C1040198FA2B700F6D52C /* GTLServiceTasks.m in Sources */,
				DA31DC051990760E00F1E6EA /* LocalTaskManager.m in Sources */,
				DA7C1041198FA2B700F6D52C /* GTLTasksConstants.m in Sources */,
				DA7C103F198FA2B700F6D52C /* GTLQueryTasks.m in Sources */,
				DA31DC02199074CB00F1E6EA /* Tasks.xcdatamodeld in Sources */,
				DAFB8C9A198AD3FA00B854AB /* main.m in Sources */,
				DA31DBFF1990748200F1E6EA /* Task.m in Sources */,
			);
			runOnlyForDeploymentPostprocessing = 0;
		};
		DAFB8CAC198AD3FB00B854AB /* Sources */ = {
			isa = PBXSourcesBuildPhase;
			buildActionMask = 2147483647;
			files = (
				DAFB8CB7198AD3FB00B854AB /* TasksTests.m in Sources */,
			);
			runOnlyForDeploymentPostprocessing = 0;
		};
/* End PBXSourcesBuildPhase section */

/* Begin PBXTargetDependency section */
		DAFB8CB2198AD3FB00B854AB /* PBXTargetDependency */ = {
			isa = PBXTargetDependency;
			target = DAFB8C93198AD3F900B854AB /* Tasks */;
			targetProxy = DAFB8CB1198AD3FB00B854AB /* PBXContainerItemProxy */;
		};
/* End PBXTargetDependency section */

/* Begin PBXVariantGroup section */
		DAFB8CA7198AD3FA00B854AB /* Main.storyboard */ = {
			isa = PBXVariantGroup;
			children = (
				DAFB8CA8198AD3FA00B854AB /* Base */,
			);
			name = Main.storyboard;
			sourceTree = "<group>";
		};
/* End PBXVariantGroup section */

/* Begin XCBuildConfiguration section */
		DAFB8CB8198AD3FB00B854AB /* Debug */ = {
			isa = XCBuildConfiguration;
			buildSettings = {
				ALWAYS_SEARCH_USER_PATHS = NO;
				CLANG_CXX_LANGUAGE_STANDARD = "gnu++0x";
				CLANG_CXX_LIBRARY = "libc++";
				CLANG_ENABLE_MODULES = YES;
				CLANG_ENABLE_OBJC_ARC = YES;
				CLANG_WARN_BOOL_CONVERSION = YES;
				CLANG_WARN_CONSTANT_CONVERSION = YES;
				CLANG_WARN_DIRECT_OBJC_ISA_USAGE = YES_ERROR;
				CLANG_WARN_EMPTY_BODY = YES;
				CLANG_WARN_ENUM_CONVERSION = YES;
				CLANG_WARN_INT_CONVERSION = YES;
				CLANG_WARN_OBJC_ROOT_CLASS = YES_ERROR;
				CLANG_WARN_UNREACHABLE_CODE = YES;
				CLANG_WARN__DUPLICATE_METHOD_MATCH = YES;
				"CODE_SIGN_IDENTITY[sdk=iphoneos*]" = "iPhone Developer";
				COPY_PHASE_STRIP = NO;
				ENABLE_STRICT_OBJC_MSGSEND = YES;
				GCC_C_LANGUAGE_STANDARD = gnu99;
				GCC_DYNAMIC_NO_PIC = NO;
				GCC_OPTIMIZATION_LEVEL = 0;
				GCC_PREPROCESSOR_DEFINITIONS = (
					"DEBUG=1",
					"$(inherited)",
				);
				GCC_SYMBOLS_PRIVATE_EXTERN = NO;
				GCC_WARN_64_TO_32_BIT_CONVERSION = YES;
				GCC_WARN_ABOUT_RETURN_TYPE = YES_ERROR;
				GCC_WARN_UNDECLARED_SELECTOR = YES;
				GCC_WARN_UNINITIALIZED_AUTOS = YES_AGGRESSIVE;
				GCC_WARN_UNUSED_FUNCTION = YES;
				GCC_WARN_UNUSED_VARIABLE = YES;
				IPHONEOS_DEPLOYMENT_TARGET = 8.0;
				METAL_ENABLE_DEBUG_INFO = YES;
				ONLY_ACTIVE_ARCH = YES;
				SDKROOT = iphoneos;
				TARGETED_DEVICE_FAMILY = "1,2";
			};
			name = Debug;
		};
		DAFB8CB9198AD3FB00B854AB /* Release */ = {
			isa = XCBuildConfiguration;
			buildSettings = {
				ALWAYS_SEARCH_USER_PATHS = NO;
				CLANG_CXX_LANGUAGE_STANDARD = "gnu++0x";
				CLANG_CXX_LIBRARY = "libc++";
				CLANG_ENABLE_MODULES = YES;
				CLANG_ENABLE_OBJC_ARC = YES;
				CLANG_WARN_BOOL_CONVERSION = YES;
				CLANG_WARN_CONSTANT_CONVERSION = YES;
				CLANG_WARN_DIRECT_OBJC_ISA_USAGE = YES_ERROR;
				CLANG_WARN_EMPTY_BODY = YES;
				CLANG_WARN_ENUM_CONVERSION = YES;
				CLANG_WARN_INT_CONVERSION = YES;
				CLANG_WARN_OBJC_ROOT_CLASS = YES_ERROR;
				CLANG_WARN_UNREACHABLE_CODE = YES;
				CLANG_WARN__DUPLICATE_METHOD_MATCH = YES;
				"CODE_SIGN_IDENTITY[sdk=iphoneos*]" = "iPhone Developer";
				COPY_PHASE_STRIP = YES;
				ENABLE_NS_ASSERTIONS = NO;
				ENABLE_STRICT_OBJC_MSGSEND = YES;
				GCC_C_LANGUAGE_STANDARD = gnu99;
				GCC_WARN_64_TO_32_BIT_CONVERSION = YES;
				GCC_WARN_ABOUT_RETURN_TYPE = YES_ERROR;
				GCC_WARN_UNDECLARED_SELECTOR = YES;
				GCC_WARN_UNINITIALIZED_AUTOS = YES_AGGRESSIVE;
				GCC_WARN_UNUSED_FUNCTION = YES;
				GCC_WARN_UNUSED_VARIABLE = YES;
				IPHONEOS_DEPLOYMENT_TARGET = 8.0;
				METAL_ENABLE_DEBUG_INFO = NO;
				SDKROOT = iphoneos;
				TARGETED_DEVICE_FAMILY = "1,2";
				VALIDATE_PRODUCT = YES;
			};
			name = Release;
		};
		DAFB8CBB198AD3FB00B854AB /* Debug */ = {
			isa = XCBuildConfiguration;
			buildSettings = {
				ASSETCATALOG_COMPILER_APPICON_NAME = AppIcon;
				ASSETCATALOG_COMPILER_LAUNCHIMAGE_NAME = LaunchImage;
				CLANG_ENABLE_MODULES = YES;
				INFOPLIST_FILE = Tasks/Info.plist;
				IPHONEOS_DEPLOYMENT_TARGET = 7.0;
				LD_RUNPATH_SEARCH_PATHS = "$(inherited) @executable_path/Frameworks";
				LIBRARY_SEARCH_PATHS = (
					"$(inherited)",
					"$(PROJECT_DIR)",
					"$(PROJECT_DIR)/Google",
				);
				PRODUCT_NAME = "$(TARGET_NAME)";
				SWIFT_OPTIMIZATION_LEVEL = "-Onone";
			};
			name = Debug;
		};
		DAFB8CBC198AD3FB00B854AB /* Release */ = {
			isa = XCBuildConfiguration;
			buildSettings = {
				ASSETCATALOG_COMPILER_APPICON_NAME = AppIcon;
				ASSETCATALOG_COMPILER_LAUNCHIMAGE_NAME = LaunchImage;
				CLANG_ENABLE_MODULES = YES;
				INFOPLIST_FILE = Tasks/Info.plist;
				IPHONEOS_DEPLOYMENT_TARGET = 7.0;
				LD_RUNPATH_SEARCH_PATHS = "$(inherited) @executable_path/Frameworks";
				LIBRARY_SEARCH_PATHS = (
					"$(inherited)",
					"$(PROJECT_DIR)",
					"$(PROJECT_DIR)/Google",
				);
				PRODUCT_NAME = "$(TARGET_NAME)";
			};
			name = Release;
		};
		DAFB8CBE198AD3FB00B854AB /* Debug */ = {
			isa = XCBuildConfiguration;
			buildSettings = {
				BUNDLE_LOADER = "$(BUILT_PRODUCTS_DIR)/Tasks.app/Tasks";
				FRAMEWORK_SEARCH_PATHS = (
					"$(SDKROOT)/Developer/Library/Frameworks",
					"$(inherited)",
				);
				GCC_PREPROCESSOR_DEFINITIONS = (
					"DEBUG=1",
					"$(inherited)",
				);
				INFOPLIST_FILE = TasksTests/Info.plist;
				LD_RUNPATH_SEARCH_PATHS = "$(inherited) @executable_path/Frameworks @loader_path/Frameworks";
				METAL_ENABLE_DEBUG_INFO = YES;
				PRODUCT_NAME = "$(TARGET_NAME)";
				TEST_HOST = "$(BUNDLE_LOADER)";
			};
			name = Debug;
		};
		DAFB8CBF198AD3FB00B854AB /* Release */ = {
			isa = XCBuildConfiguration;
			buildSettings = {
				BUNDLE_LOADER = "$(BUILT_PRODUCTS_DIR)/Tasks.app/Tasks";
				FRAMEWORK_SEARCH_PATHS = (
					"$(SDKROOT)/Developer/Library/Frameworks",
					"$(inherited)",
				);
				INFOPLIST_FILE = TasksTests/Info.plist;
				LD_RUNPATH_SEARCH_PATHS = "$(inherited) @executable_path/Frameworks @loader_path/Frameworks";
				METAL_ENABLE_DEBUG_INFO = NO;
				PRODUCT_NAME = "$(TARGET_NAME)";
				TEST_HOST = "$(BUNDLE_LOADER)";
			};
			name = Release;
		};
/* End XCBuildConfiguration section */

/* Begin XCConfigurationList section */
		DAFB8C8F198AD3F900B854AB /* Build configuration list for PBXProject "Tasks" */ = {
			isa = XCConfigurationList;
			buildConfigurations = (
				DAFB8CB8198AD3FB00B854AB /* Debug */,
				DAFB8CB9198AD3FB00B854AB /* Release */,
			);
			defaultConfigurationIsVisible = 0;
			defaultConfigurationName = Release;
		};
		DAFB8CBA198AD3FB00B854AB /* Build configuration list for PBXNativeTarget "Tasks" */ = {
			isa = XCConfigurationList;
			buildConfigurations = (
				DAFB8CBB198AD3FB00B854AB /* Debug */,
				DAFB8CBC198AD3FB00B854AB /* Release */,
			);
			defaultConfigurationIsVisible = 0;
			defaultConfigurationName = Release;
		};
		DAFB8CBD198AD3FB00B854AB /* Build configuration list for PBXNativeTarget "TasksTests" */ = {
			isa = XCConfigurationList;
			buildConfigurations = (
				DAFB8CBE198AD3FB00B854AB /* Debug */,
				DAFB8CBF198AD3FB00B854AB /* Release */,
			);
			defaultConfigurationIsVisible = 0;
			defaultConfigurationName = Release;
		};
/* End XCConfigurationList section */

/* Begin XCVersionGroup section */
		DA31DC00199074CB00F1E6EA /* Tasks.xcdatamodeld */ = {
			isa = XCVersionGroup;
			children = (
				DA31DC01199074CB00F1E6EA /* Tasks.xcdatamodel */,
			);
			currentVersion = DA31DC01199074CB00F1E6EA /* Tasks.xcdatamodel */;
			name = Tasks.xcdatamodeld;
			path = LocalTasks/Tasks.xcdatamodeld;
			sourceTree = "<group>";
			versionGroupType = wrapper.xcdatamodel;
		};
/* End XCVersionGroup section */
	};
	rootObject = DAFB8C8C198AD3F900B854AB /* Project object */;
}
